{
  "name": "create-unicorn",
  "version": "1.0.3",
  "lockfileVersion": 3,
  "requires": true,
  "packages": {
    "": {
      "name": "create-unicorn",
      "version": "1.0.3",
      "license": "MIT",
      "dependencies": {
        "mkdirp": "^1.0.3"
      },
      "bin": {
        "create-unicorn": "bin/create-unicorn"
      }
    },
    "node_modules/mkdirp": {
      "version": "1.0.3",
      "resolved": "https://registry.npmjs.org/mkdirp/-/mkdirp-1.0.3.tgz",
      "integrity": "sha512-6uCP4Qc0sWsgMLy1EOqqS/3rjDHOEnsStVr/4vtAIK2Y5i2kA7lFFejYrpIyiN9w0pYf4ckeCYT9f1r1P9KX5g==",
      "bin": {
        "mkdirp": "bin/cmd.js"
      },
      "engines": {
        "node": ">=10"
      }
    }
  }
}
